{
  "name": "npm-fibonacci",
  "version": "10610209857723.0.0",
  "lockfileVersion": 3,
  "requires": true,
  "packages": {
    "": {
      "name": "npm-fibonacci",
      "version": "10610209857723.0.0",
      "dependencies": {
        "4052739537881.0.0": "otahontas/npm-fibonacci#4052739537881.0.0",
        "6557470319842.0.0": "otahontas/npm-fibonacci#6557470319842.0.0"
      }
    },
    "node_modules/1.0.0": {
      "name": "npm-fibonacci",
      "version": "1.0.0",
      "resolved": "git+ssh://git@github.com/otahontas/npm-fibonacci.git#8ef1789891d03ad62833f164876acce7861076c2"
    },
    "node_modules/1.0.1": {
      "name": "npm-fibonacci",
      "version": "1.0.1",
      "resolved": "git+ssh://git@github.com/otahontas/npm-fibonacci.git#bf1f7214011196347f8916916455e298589b1bc7",
      "dependencies": {
        "n-1": "otahontas/npm-fibonacci#1.0.0",
        "n-2": "otahontas/npm-fibonacci#0.0.0"
      }
    },
    "node_modules/102334155.0.0": {
      "name": "npm-fibonacci",
      "version": "102334155.0.0",
      "resolved": "git+ssh://git@github.com/otahontas/npm-fibonacci.git#a5b71f4e2ec7b8c9b898fd14b697fcec9687074f",
      "dependencies": {
        "39088169.0.0": "otahontas/npm-fibonacci#39088169.0.0",
        "63245986.0.0": "otahontas/npm-fibonacci#63245986.0.0"
      }
    },
    "node_modules/10946.0.0": {
      "name": "npm-fibonacci",
      "version": "10946.0.0",
      "resolved": "git+ssh://git@github.com/otahontas/npm-fibonacci.git#c414b37a6df651d8bd2c658b01655b43d0afa775",
      "dependencies": {
        "4181.0.0": "otahontas/npm-fibonacci#4181.0.0",
        "6765.0.0": "otahontas/npm-fibonacci#6765.0.0"
      }
    },
    "node_modules/1134903170.0.0": {
      "name": "npm-fibonacci",
      "version": "1134903170.0.0",
      "resolved": "git+ssh://git@github.com/otahontas/npm-fibonacci.git#6b90a46e25e45fdff64090b62032b04e6270a995",
      "dependencies": {
        "433494437.0.0": "otahontas/npm-fibonacci#433494437.0.0",
        "701408733.0.0": "otahontas/npm-fibonacci#701408733.0.0"
      }
    },
    "node_modules/121393.0.0": {
      "name": "npm-fibonacci",
      "version": "121393.0.0",
      "resolved": "git+ssh://git@github.com/otahontas/npm-fibonacci.git#6da8ca24d8db245df07c9f3b22da4e160b71b79f",
      "dependencies": {
        "46368.0.0": "otahontas/npm-fibonacci#46368.0.0",
        "75025.0.0": "otahontas/npm-fibonacci#75025.0.0"
      }
    },
    "node_modules/12586269025.0.0": {
      "name": "npm-fibonacci",
      "version": "12586269025.0.0",
      "resolved": "git+ssh://git@github.com/otahontas/npm-fibonacci.git#2cb38ac73950999bc23b69d52e73ece01655d710",
      "dependencies": {
        "4807526976.0.0": "otahontas/npm-fibonacci#4807526976.0.0",
        "7778742049.0.0": "otahontas/npm-fibonacci#7778742049.0.0"
      }
    },
    "node_modules/13.0.0": {
      "name": "npm-fibonacci",
      "version": "13.0.0",
      "resolved": "git+ssh://git@github.com/otahontas/npm-fibonacci.git#706a7d97ce4abd21fa99471a9a16e365eb095c59",
      "dependencies": {
        "5.0.0": "otahontas/npm-fibonacci#5.0.0",
        "8.0.0": "otahontas/npm-fibonacci#8.0.0"
      }
    },
    "node_modules/1346269.0.0": {
      "name": "npm-fibonacci",
      "version": "1346269.0.0",
      "resolved": "git+ssh://git@github.com/otahontas/npm-fibonacci.git#9455065c822db148c4837fbf45f83724076270a1",
      "dependencies": {
        "514229.0.0": "otahontas/npm-fibonacci#514229.0.0",
        "832040.0.0": "otahontas/npm-fibonacci#832040.0.0"
      }
    },
    "node_modules/139583862445.0.0": {
      "name": "npm-fibonacci",
      "version": "139583862445.0.0",
      "resolved": "git+ssh://git@github.com/otahontas/npm-fibonacci.git#42c4e0fb07565c7282d23cac98cc7d3c01cae5a1",
      "dependencies": {
        "53316291173.0.0": "otahontas/npm-fibonacci#53316291173.0.0",
        "86267571272.0.0": "otahontas/npm-fibonacci#86267571272.0.0"
      }
    },
    "node_modules/144.0.0": {
      "name": "npm-fibonacci",
      "version": "144.0.0",
      "resolved": "git+ssh://git@github.com/otahontas/npm-fibonacci.git#a9bff7070d2d00fe95e5fc0d7429aa75997fb086",
      "dependencies": {
        "55.0.0": "otahontas/npm-fibonacci#55.0.0",
        "89.0.0": "otahontas/npm-fibonacci#89.0.0"
      }
    },
    "node_modules/14930352.0.0": {
      "name": "npm-fibonacci",
      "version": "14930352.0.0",
      "resolved": "git+ssh://git@github.com/otahontas/npm-fibonacci.git#7a1c3f623f6962f0923f40dc6ba2b731f4e5e53b",
      "dependencies": {
        "5702887.0.0": "otahontas/npm-fibonacci#5702887.0.0",
        "9227465.0.0": "otahontas/npm-fibonacci#9227465.0.0"
      }
    },
    "node_modules/1548008755920.0.0": {
      "name": "npm-fibonacci",
      "version": "1548008755920.0.0",
      "resolved": "git+ssh://git@github.com/otahontas/npm-fibonacci.git#87299d431467ca0efe8faf408790ae3fda84466d",
      "dependencies": {
        "591286729879.0.0": "otahontas/npm-fibonacci#591286729879.0.0",
        "956722026041.0.0": "otahontas/npm-fibonacci#956722026041.0.0"
      }
    },
    "node_modules/1597.0.0": {
      "name": "npm-fibonacci",
      "version": "1597.0.0",
      "resolved": "git+ssh://git@github.com/otahontas/npm-fibonacci.git#4d490f46c580dafabfc46f3b90880dc5f27b8acd",
      "dependencies": {
        "610.0.0": "otahontas/npm-fibonacci#610.0.0",
        "987.0.0": "otahontas/npm-fibonacci#987.0.0"
      }
    },
    "node_modules/165580141.0.0": {
      "name": "npm-fibonacci",
      "version": "165580141.0.0",
      "resolved": "git+ssh://git@github.com/otahontas/npm-fibonacci.git#e485c28f2850f824d69b1bf522db9916e8e56855",
      "dependencies": {
        "102334155.0.0": "otahontas/npm-fibonacci#102334155.0.0",
        "63245986.0.0": "otahontas/npm-fibonacci#63245986.0.0"
      }
    },
    "node_modules/17711.0.0": {
      "name": "npm-fibonacci",
      "version": "17711.0.0",
      "resolved": "git+ssh://git@github.com/otahontas/npm-fibonacci.git#34cdae3df0444033a019add4cd9d72e4820e5dfb",
      "dependencies": {
        "10946.0.0": "otahontas/npm-fibonacci#10946.0.0",
        "6765.0.0": "otahontas/npm-fibonacci#6765.0.0"
      }
    },
    "node_modules/1836311903.0.0": {
      "name": "npm-fibonacci",
      "version": "1836311903.0.0",
      "resolved": "git+ssh://git@github.com/otahontas/npm-fibonacci.git#e0930ab8b18e31305b1032a550028f8a22beae59",
      "dependencies": {
        "1134903170.0.0": "otahontas/npm-fibonacci#1134903170.0.0",
        "701408733.0.0": "otahontas/npm-fibonacci#701408733.0.0"
      }
    },
    "node_modules/196418.0.0": {
      "name": "npm-fibonacci",
      "version": "196418.0.0",
      "resolved": "git+ssh://git@github.com/otahontas/npm-fibonacci.git#bedf34df7fb90fe1e08ed9d48e37dba4e8e53bb5",
      "dependencies": {
        "121393.0.0": "otahontas/npm-fibonacci#121393.0.0",
        "75025.0.0": "otahontas/npm-fibonacci#75025.0.0"
      }
    },
    "node_modules/2.0.0": {
      "name": "npm-fibonacci",
      "version": "2.0.0",
      "resolved": "git+ssh://git@github.com/otahontas/npm-fibonacci.git#9cf6ce296b945f4468ffa5938390345d3fa98ade",
      "dependencies": {
        "1.0.0": "otahontas/npm-fibonacci#1.0.0",
        "1.0.1": "otahontas/npm-fibonacci#1.0.1"
      }
    },
    "node_modules/20365011074.0.0": {
      "name": "npm-fibonacci",
      "version": "20365011074.0.0",
      "resolved": "git+ssh://git@github.com/otahontas/npm-fibonacci.git#a3e21390f7b705747d18db314c625b6f6df05e74",
      "dependencies": {
        "12586269025.0.0": "otahontas/npm-fibonacci#12586269025.0.0",
        "7778742049.0.0": "otahontas/npm-fibonacci#7778742049.0.0"
      }
    },
    "node_modules/21.0.0": {
      "name": "npm-fibonacci",
      "version": "21.0.0",
      "resolved": "git+ssh://git@github.com/otahontas/npm-fibonacci.git#91512280ec82728cfb4cec6efd4f4c37c010c1e1",
      "dependencies": {
        "13.0.0": "otahontas/npm-fibonacci#13.0.0",
        "8.0.0": "otahontas/npm-fibonacci#8.0.0"
      }
    },
    "node_modules/2178309.0.0": {
      "name": "npm-fibonacci",
      "version": "2178309.0.0",
      "resolved": "git+ssh://git@github.com/otahontas/npm-fibonacci.git#66764550f487f82cc18aeb34488aaaa0f1d24802",
      "dependencies": {
        "1346269.0.0": "otahontas/npm-fibonacci#1346269.0.0",
        "832040.0.0": "otahontas/npm-fibonacci#832040.0.0"
      }
    },
    "node_modules/225851433717.0.0": {
      "name": "npm-fibonacci",
      "version": "225851433717.0.0",
      "resolved": "git+ssh://git@github.com/otahontas/npm-fibonacci.git#5f46e76bd95cfd7677da8247451c79f5f86d3805",
      "dependencies": {
        "139583862445.0.0": "otahontas/npm-fibonacci#139583862445.0.0",
        "86267571272.0.0": "otahontas/npm-fibonacci#86267571272.0.0"
      }
    },
    "node_modules/233.0.0": {
      "name": "npm-fibonacci",
      "version": "233.0.0",
      "resolved": "git+ssh://git@github.com/otahontas/npm-fibonacci.git#47ec40f65604394a2b2edc9980616e49623a7d31",
      "dependencies": {
        "144.0.0": "otahontas/npm-fibonacci#144.0.0",
        "89.0.0": "otahontas/npm-fibonacci#89.0.0"
      }
    },
    "node_modules/24157817.0.0": {
      "name": "npm-fibonacci",
      "version": "24157817.0.0",
      "resolved": "git+ssh://git@github.com/otahontas/npm-fibonacci.git#3aa86ad6a03ae53a37f7b9acfeb0de72f80b2c8e",
      "dependencies": {
        "14930352.0.0": "otahontas/npm-fibonacci#14930352.0.0",
        "9227465.0.0": "otahontas/npm-fibonacci#9227465.0.0"
      }
    },
    "node_modules/2504730781961.0.0": {
      "name": "npm-fibonacci",
      "version": "2504730781961.0.0",
      "resolved": "git+ssh://git@github.com/otahontas/npm-fibonacci.git#ea4093f08c03e6eabc12f60e8d5a1fbf620b266c",
      "dependencies": {
        "1548008755920.0.0": "otahontas/npm-fibonacci#1548008755920.0.0",
        "956722026041.0.0": "otahontas/npm-fibonacci#956722026041.0.0"
      }
    },
    "node_modules/2584.0.0": {
      "name": "npm-fibonacci",
      "version": "2584.0.0",
      "resolved": "git+ssh://git@github.com/otahontas/npm-fibonacci.git#d13dcbeccfaabaa1bc8877f88e20c565234f2ce8",
      "dependencies": {
        "1597.0.0": "otahontas/npm-fibonacci#1597.0.0",
        "987.0.0": "otahontas/npm-fibonacci#987.0.0"
      }
    },
    "node_modules/267914296.0.0": {
      "name": "npm-fibonacci",
      "version": "267914296.0.0",
      "resolved": "git+ssh://git@github.com/otahontas/npm-fibonacci.git#637564d20e3eb57643f61189a9eef9920d52b40e",
      "dependencies": {
        "102334155.0.0": "otahontas/npm-fibonacci#102334155.0.0",
        "165580141.0.0": "otahontas/npm-fibonacci#165580141.0.0"
      }
    },
    "node_modules/28657.0.0": {
      "name": "npm-fibonacci",
      "version": "28657.0.0",
      "resolved": "git+ssh://git@github.com/otahontas/npm-fibonacci.git#528cfa452413cb4dd2ee8ba4eb3b3808df54e360",
      "dependencies": {
        "10946.0.0": "otahontas/npm-fibonacci#10946.0.0",
        "17711.0.0": "otahontas/npm-fibonacci#17711.0.0"
      }
    },
    "node_modules/2971215073.0.0": {
      "name": "npm-fibonacci",
      "version": "2971215073.0.0",
      "resolved": "git+ssh://git@github.com/otahontas/npm-fibonacci.git#945648f11d26e028422388e8830689224c29455b",
      "dependencies": {
        "1134903170.0.0": "otahontas/npm-fibonacci#1134903170.0.0",
        "1836311903.0.0": "otahontas/npm-fibonacci#1836311903.0.0"
      }
    },
    "node_modules/3.0.0": {
      "name": "npm-fibonacci",
      "version": "3.0.0",
      "resolved": "git+ssh://git@github.com/otahontas/npm-fibonacci.git#81aee3594b52b625aeec4cab56d549fd151ee9aa",
      "dependencies": {
        "1.0.1": "otahontas/npm-fibonacci#1.0.1",
        "2.0.0": "otahontas/npm-fibonacci#2.0.0"
      }
    },
    "node_modules/317811.0.0": {
      "name": "npm-fibonacci",
      "version": "317811.0.0",
      "resolved": "git+ssh://git@github.com/otahontas/npm-fibonacci.git#36e389baa58fcdbe6259e2a0aa8766eaebedf416",
      "dependencies": {
        "121393.0.0": "otahontas/npm-fibonacci#121393.0.0",
        "196418.0.0": "otahontas/npm-fibonacci#196418.0.0"
      }
    },
    "node_modules/32951280099.0.0": {
      "name": "npm-fibonacci",
      "version": "32951280099.0.0",
      "resolved": "git+ssh://git@github.com/otahontas/npm-fibonacci.git#d709b8093c8c582a90168ab394d953b8a19da5e0",
      "dependencies": {
        "12586269025.0.0": "otahontas/npm-fibonacci#12586269025.0.0",
        "20365011074.0.0": "otahontas/npm-fibonacci#20365011074.0.0"
      }
    },
    "node_modules/34.0.0": {
      "name": "npm-fibonacci",
      "version": "34.0.0",
      "resolved": "git+ssh://git@github.com/otahontas/npm-fibonacci.git#da51b61360fa987f4dbc083b2283fb508fee639f",
      "dependencies": {
        "13.0.0": "otahontas/npm-fibonacci#13.0.0",
        "21.0.0": "otahontas/npm-fibonacci#21.0.0"
      }
    },
    "node_modules/3524578.0.0": {
      "name": "npm-fibonacci",
      "version": "3524578.0.0",
      "resolved": "git+ssh://git@github.com/otahontas/npm-fibonacci.git#59fd5f40aca84135df323988faee6a308de8fc17",
      "dependencies": {
        "1346269.0.0": "otahontas/npm-fibonacci#1346269.0.0",
        "2178309.0.0": "otahontas/npm-fibonacci#2178309.0.0"
      }
    },
    "node_modules/365435296162.0.0": {
      "name": "npm-fibonacci",
      "version": "365435296162.0.0",
      "resolved": "git+ssh://git@github.com/otahontas/npm-fibonacci.git#a4129f07c0777d574a6356fa7d6708bbe19b6797",
      "dependencies": {
        "139583862445.0.0": "otahontas/npm-fibonacci#139583862445.0.0",
        "225851433717.0.0": "otahontas/npm-fibonacci#225851433717.0.0"
      }
    },
    "node_modules/377.0.0": {
      "name": "npm-fibonacci",
      "version": "377.0.0",
      "resolved": "git+ssh://git@github.com/otahontas/npm-fibonacci.git#0eec45a74c1e2390a5d9117a493d187f17f7c880",
      "dependencies": {
        "144.0.0": "otahontas/npm-fibonacci#144.0.0",
        "233.0.0": "otahontas/npm-fibonacci#233.0.0"
      }
    },
    "node_modules/39088169.0.0": {
      "name": "npm-fibonacci",
      "version": "39088169.0.0",
      "resolved": "git+ssh://git@github.com/otahontas/npm-fibonacci.git#b709e705483542a2185209aa5f47c1ae93610600",
      "dependencies": {
        "14930352.0.0": "otahontas/npm-fibonacci#14930352.0.0",
        "24157817.0.0": "otahontas/npm-fibonacci#24157817.0.0"
      }
    },
    "node_modules/4052739537881.0.0": {
      "name": "npm-fibonacci",
      "version": "4052739537881.0.0",
      "resolved": "git+ssh://git@github.com/otahontas/npm-fibonacci.git#967a3cbf11caf96f895ffc5304e1e48ce71a15b4",
      "dependencies": {
        "1548008755920.0.0": "otahontas/npm-fibonacci#1548008755920.0.0",
        "2504730781961.0.0": "otahontas/npm-fibonacci#2504730781961.0.0"
      }
    },
    "node_modules/4181.0.0": {
      "name": "npm-fibonacci",
      "version": "4181.0.0",
      "resolved": "git+ssh://git@github.com/otahontas/npm-fibonacci.git#7445c10638c139ff56e259d32b43b8828ca775a7",
      "dependencies": {
        "1597.0.0": "otahontas/npm-fibonacci#1597.0.0",
        "2584.0.0": "otahontas/npm-fibonacci#2584.0.0"
      }
    },
    "node_modules/433494437.0.0": {
      "name": "npm-fibonacci",
      "version": "433494437.0.0",
      "resolved": "git+ssh://git@github.com/otahontas/npm-fibonacci.git#7abdf8d7ebe522a4b6e780251fc12db0827a552c",
      "dependencies": {
        "165580141.0.0": "otahontas/npm-fibonacci#165580141.0.0",
        "267914296.0.0": "otahontas/npm-fibonacci#267914296.0.0"
      }
    },
    "node_modules/46368.0.0": {
      "name": "npm-fibonacci",
      "version": "46368.0.0",
      "resolved": "git+ssh://git@github.com/otahontas/npm-fibonacci.git#bfeed0b39cc7376f3997e568c22ec8caafa7e8c6",
      "dependencies": {
        "17711.0.0": "otahontas/npm-fibonacci#17711.0.0",
        "28657.0.0": "otahontas/npm-fibonacci#28657.0.0"
      }
    },
    "node_modules/4807526976.0.0": {
      "name": "npm-fibonacci",
      "version": "4807526976.0.0",
      "resolved": "git+ssh://git@github.com/otahontas/npm-fibonacci.git#c11cdd08e1bf6afc354c4f2c49acc6da52461a62",
      "dependencies": {
        "1836311903.0.0": "otahontas/npm-fibonacci#1836311903.0.0",
        "2971215073.0.0": "otahontas/npm-fibonacci#2971215073.0.0"
      }
    },
    "node_modules/5.0.0": {
      "name": "npm-fibonacci",
      "version": "5.0.0",
      "resolved": "git+ssh://git@github.com/otahontas/npm-fibonacci.git#bffd4fd604d6847ca21b09356fa2192054cf5535",
      "dependencies": {
        "2.0.0": "otahontas/npm-fibonacci#2.0.0",
        "3.0.0": "otahontas/npm-fibonacci#3.0.0"
      }
    },
    "node_modules/514229.0.0": {
      "name": "npm-fibonacci",
      "version": "514229.0.0",
      "resolved": "git+ssh://git@github.com/otahontas/npm-fibonacci.git#20d137e64d973d2daf32ab7abf4708e1d1ae0d13",
      "dependencies": {
        "196418.0.0": "otahontas/npm-fibonacci#196418.0.0",
        "317811.0.0": "otahontas/npm-fibonacci#317811.0.0"
      }
    },
    "node_modules/53316291173.0.0": {
      "name": "npm-fibonacci",
      "version": "53316291173.0.0",
      "resolved": "git+ssh://git@github.com/otahontas/npm-fibonacci.git#8204be54c0ccf43fbe798525181ec32e0addca6f",
      "dependencies": {
        "20365011074.0.0": "otahontas/npm-fibonacci#20365011074.0.0",
        "32951280099.0.0": "otahontas/npm-fibonacci#32951280099.0.0"
      }
    },
    "node_modules/55.0.0": {
      "name": "npm-fibonacci",
      "version": "55.0.0",
      "resolved": "git+ssh://git@github.com/otahontas/npm-fibonacci.git#4de53225879bd3eb716f4830330606d25c562b8b",
      "dependencies": {
        "21.0.0": "otahontas/npm-fibonacci#21.0.0",
        "34.0.0": "otahontas/npm-fibonacci#34.0.0"
      }
    },
    "node_modules/5702887.0.0": {
      "name": "npm-fibonacci",
      "version": "5702887.0.0",
      "resolved": "git+ssh://git@github.com/otahontas/npm-fibonacci.git#1bdf68dfb52da5538bdaf5d3b4588cec5691ed12",
      "dependencies": {
        "2178309.0.0": "otahontas/npm-fibonacci#2178309.0.0",
        "3524578.0.0": "otahontas/npm-fibonacci#3524578.0.0"
      }
    },
    "node_modules/591286729879.0.0": {
      "name": "npm-fibonacci",
      "version": "591286729879.0.0",
      "resolved": "git+ssh://git@github.com/otahontas/npm-fibonacci.git#b888b9e7ea9182cc1549c379e6e511cdd01e2c64",
      "dependencies": {
        "225851433717.0.0": "otahontas/npm-fibonacci#225851433717.0.0",
        "365435296162.0.0": "otahontas/npm-fibonacci#365435296162.0.0"
      }
    },
    "node_modules/610.0.0": {
      "name": "npm-fibonacci",
      "version": "610.0.0",
      "resolved": "git+ssh://git@github.com/otahontas/npm-fibonacci.git#b3f5d414ec853267e3e1ba0dcb227fc0d62af7d3",
      "dependencies": {
        "233.0.0": "otahontas/npm-fibonacci#233.0.0",
        "377.0.0": "otahontas/npm-fibonacci#377.0.0"
      }
    },
    "node_modules/63245986.0.0": {
      "name": "npm-fibonacci",
      "version": "63245986.0.0",
      "resolved": "git+ssh://git@github.com/otahontas/npm-fibonacci.git#ba6fdfa2b5a97bb8f640d8c0109aed27c90c450c",
      "dependencies": {
        "24157817.0.0": "otahontas/npm-fibonacci#24157817.0.0",
        "39088169.0.0": "otahontas/npm-fibonacci#39088169.0.0"
      }
    },
    "node_modules/6557470319842.0.0": {
      "name": "npm-fibonacci",
      "version": "6557470319842.0.0",
      "resolved": "git+ssh://git@github.com/otahontas/npm-fibonacci.git#d075feadc2945ae1c137ca7bf45c7f840d046644",
      "dependencies": {
        "2504730781961.0.0": "otahontas/npm-fibonacci#2504730781961.0.0",
        "4052739537881.0.0": "otahontas/npm-fibonacci#4052739537881.0.0"
      }
    },
    "node_modules/6765.0.0": {
      "name": "npm-fibonacci",
      "version": "6765.0.0",
      "resolved": "git+ssh://git@github.com/otahontas/npm-fibonacci.git#d17b97b0351e4237c18e9c86e660654fee260485",
      "dependencies": {
        "2584.0.0": "otahontas/npm-fibonacci#2584.0.0",
        "4181.0.0": "otahontas/npm-fibonacci#4181.0.0"
      }
    },
    "node_modules/701408733.0.0": {
      "name": "npm-fibonacci",
      "version": "701408733.0.0",
      "resolved": "git+ssh://git@github.com/otahontas/npm-fibonacci.git#70a92ae4c78579d01db54add0cf59f59d7ba93b8",
      "dependencies": {
        "267914296.0.0": "otahontas/npm-fibonacci#267914296.0.0",
        "433494437.0.0": "otahontas/npm-fibonacci#433494437.0.0"
      }
    },
    "node_modules/75025.0.0": {
      "name": "npm-fibonacci",
      "version": "75025.0.0",
      "resolved": "git+ssh://git@github.com/otahontas/npm-fibonacci.git#23027e59469b0565f6b1e3e4d179b8ea6580065e",
      "dependencies": {
        "28657.0.0": "otahontas/npm-fibonacci#28657.0.0",
        "46368.0.0": "otahontas/npm-fibonacci#46368.0.0"
      }
    },
    "node_modules/7778742049.0.0": {
      "name": "npm-fibonacci",
      "version": "7778742049.0.0",
      "resolved": "git+ssh://git@github.com/otahontas/npm-fibonacci.git#c8e9232584df60865d51ff0d5a0c393aac5743d7",
      "dependencies": {
        "2971215073.0.0": "otahontas/npm-fibonacci#2971215073.0.0",
        "4807526976.0.0": "otahontas/npm-fibonacci#4807526976.0.0"
      }
    },
    "node_modules/8.0.0": {
      "name": "npm-fibonacci",
      "version": "8.0.0",
      "resolved": "git+ssh://git@github.com/otahontas/npm-fibonacci.git#7565e8bcccbdbf1f76b796f28ff479bddf45e2c7",
      "dependencies": {
        "3.0.0": "otahontas/npm-fibonacci#3.0.0",
        "5.0.0": "otahontas/npm-fibonacci#5.0.0"
      }
    },
    "node_modules/832040.0.0": {
      "name": "npm-fibonacci",
      "version": "832040.0.0",
      "resolved": "git+ssh://git@github.com/otahontas/npm-fibonacci.git#9a60bbab2b5af1e317f87738cf182f0450de0ac9",
      "dependencies": {
        "317811.0.0": "otahontas/npm-fibonacci#317811.0.0",
        "514229.0.0": "otahontas/npm-fibonacci#514229.0.0"
      }
    },
    "node_modules/86267571272.0.0": {
      "name": "npm-fibonacci",
      "version": "86267571272.0.0",
      "resolved": "git+ssh://git@github.com/otahontas/npm-fibonacci.git#fa69f8909016f0c7a0b4f99471e8cdb1bbce873b",
      "dependencies": {
        "32951280099.0.0": "otahontas/npm-fibonacci#32951280099.0.0",
        "53316291173.0.0": "otahontas/npm-fibonacci#53316291173.0.0"
      }
    },
    "node_modules/89.0.0": {
      "name": "npm-fibonacci",
      "version": "89.0.0",
      "resolved": "git+ssh://git@github.com/otahontas/npm-fibonacci.git#e64fcf81c45eadaaa67d6f5194633ef9a32c2184",
      "dependencies": {
        "34.0.0": "otahontas/npm-fibonacci#34.0.0",
        "55.0.0": "otahontas/npm-fibonacci#55.0.0"
      }
    },
    "node_modules/9227465.0.0": {
      "name": "npm-fibonacci",
      "version": "9227465.0.0",
      "resolved": "git+ssh://git@github.com/otahontas/npm-fibonacci.git#4d56703f24f39e23be8e166be6bb20c1f9d1630c",
      "dependencies": {
        "3524578.0.0": "otahontas/npm-fibonacci#3524578.0.0",
        "5702887.0.0": "otahontas/npm-fibonacci#5702887.0.0"
      }
    },
    "node_modules/956722026041.0.0": {
      "name": "npm-fibonacci",
      "version": "956722026041.0.0",
      "resolved": "git+ssh://git@github.com/otahontas/npm-fibonacci.git#8859c4e05d43062b14398c2fd2c301b26d34a9ae",
      "dependencies": {
        "365435296162.0.0": "otahontas/npm-fibonacci#365435296162.0.0",
        "591286729879.0.0": "otahontas/npm-fibonacci#591286729879.0.0"
      }
    },
    "node_modules/987.0.0": {
      "name": "npm-fibonacci",
      "version": "987.0.0",
      "resolved": "git+ssh://git@github.com/otahontas/npm-fibonacci.git#a785a3f665b8629b954c12010f77183b16b3dca8",
      "dependencies": {
        "377.0.0": "otahontas/npm-fibonacci#377.0.0",
        "610.0.0": "otahontas/npm-fibonacci#610.0.0"
      }
    },
    "node_modules/n-1": {
      "name": "npm-fibonacci",
      "version": "1.0.0",
      "resolved": "git+ssh://git@github.com/otahontas/npm-fibonacci.git#8ef1789891d03ad62833f164876acce7861076c2"
    },
    "node_modules/n-2": {
      "name": "npm-fibonacci",
      "version": "0.0.0",
      "resolved": "git+ssh://git@github.com/otahontas/npm-fibonacci.git#a43f2dceb6af8aaf29a6bcf748eb4ce2a0cfd4ff"
    }
  }
}
