{
  "name": "npm-fibonacci",
  "version": "5.0.0",
  "lockfileVersion": 3,
  "requires": true,
  "packages": {
    "": {
      "name": "npm-fibonacci",
      "version": "5.0.0",
      "dependencies": {
        "2.0.0": "otahontas/npm-fibonacci#2.0.0",
        "3.0.0": "otahontas/npm-fibonacci#3.0.0"
      }
    },
    "node_modules/1.0.0": {
      "name": "npm-fibonacci",
      "version": "1.0.0",
      "resolved": "git+ssh://git@github.com/otahontas/npm-fibonacci.git#8ef1789891d03ad62833f164876acce7861076c2"
    },
    "node_modules/1.0.1": {
      "name": "npm-fibonacci",
      "version": "1.0.1",
      "resolved": "git+ssh://git@github.com/otahontas/npm-fibonacci.git#bf1f7214011196347f8916916455e298589b1bc7",
      "dependencies": {
        "n-1": "otahontas/npm-fibonacci#1.0.0",
        "n-2": "otahontas/npm-fibonacci#0.0.0"
      }
    },
    "node_modules/2.0.0": {
      "name": "npm-fibonacci",
      "version": "2.0.0",
      "resolved": "git+ssh://git@github.com/otahontas/npm-fibonacci.git#9cf6ce296b945f4468ffa5938390345d3fa98ade",
      "dependencies": {
        "1.0.0": "otahontas/npm-fibonacci#1.0.0",
        "1.0.1": "otahontas/npm-fibonacci#1.0.1"
      }
    },
    "node_modules/3.0.0": {
      "name": "npm-fibonacci",
      "version": "3.0.0",
      "resolved": "git+ssh://git@github.com/otahontas/npm-fibonacci.git#81aee3594b52b625aeec4cab56d549fd151ee9aa",
      "dependencies": {
        "1.0.1": "otahontas/npm-fibonacci#1.0.1",
        "2.0.0": "otahontas/npm-fibonacci#2.0.0"
      }
    },
    "node_modules/n-1": {
      "name": "npm-fibonacci",
      "version": "1.0.0",
      "resolved": "git+ssh://git@github.com/otahontas/npm-fibonacci.git#8ef1789891d03ad62833f164876acce7861076c2"
    },
    "node_modules/n-2": {
      "name": "npm-fibonacci",
      "version": "0.0.0",
      "resolved": "git+ssh://git@github.com/otahontas/npm-fibonacci.git#a43f2dceb6af8aaf29a6bcf748eb4ce2a0cfd4ff"
    }
  }
}
