{
  "name": "npm-fibonacci",
  "version": "1.0.1",
  "lockfileVersion": 3,
  "requires": true,
  "packages": {
    "": {
      "name": "npm-fibonacci",
      "version": "1.0.1",
      "dependencies": {
        "n-1": "otahontas/npm-fibonacci#1.0.0",
        "n-2": "otahontas/npm-fibonacci#0.0.0"
      }
    },
    "node_modules/n-1": {
      "name": "npm-fibonacci",
      "version": "1.0.0",
      "resolved": "git+ssh://git@github.com/otahontas/npm-fibonacci.git#c1bc9df6cf584b94ed96da9a142f9fb774ac93e0"
    },
    "node_modules/n-2": {
      "name": "npm-fibonacci",
      "version": "0.0.0",
      "resolved": "git+ssh://git@github.com/otahontas/npm-fibonacci.git#49e6c0ab1b91ce2d75c0c06b450c646baac746f1"
    }
  }
}
